
Microsoft Visual Studio Solution File, Format Version 12.00
# Visual Studio Version 16
VisualStudioVersion = 16.0.32413.511
MinimumVisualStudioVersion = 10.0.40219.1
Project("{FAE04EC0-301F-11D3-BF4B-00C04F79EFBC}") = "PDC03_PRACTICALPROJECT.Android", "PDC03_PRACTICALPROJECT\PDC03_PRACTICALPROJECT.Android\PDC03_PRACTICALPROJECT.Android.csproj", "{8B3BD78E-7C55-45DF-9086-4A634A51EE75}"
EndProject
Project("{FAE04EC0-301F-11D3-BF4B-00C04F79EFBC}") = "PDC03_PRACTICALPROJECT", "PDC03_PRACTICALPROJECT\PDC03_PRACTICALPROJECT\PDC03_PRACTICALPROJECT.csproj", "{47CD5DE6-8966-4C7E-9E81-53CA1C926CE6}"
EndProject
Global
	GlobalSection(SolutionConfigurationPlatforms) = preSolution
		Debug|Any CPU = Debug|Any CPU
		Release|Any CPU = Release|Any CPU
	EndGlobalSection
	GlobalSection(ProjectConfigurationPlatforms) = postSolution
		{8B3BD78E-7C55-45DF-9086-4A634A51EE75}.Debug|Any CPU.ActiveCfg = Debug|Any CPU
		{8B3BD78E-7C55-45DF-9086-4A634A51EE75}.Debug|Any CPU.Build.0 = Debug|Any CPU
		{8B3BD78E-7C55-45DF-9086-4A634A51EE75}.Debug|Any CPU.Deploy.0 = Debug|Any CPU
		{8B3BD78E-7C55-45DF-9086-4A634A51EE75}.Release|Any CPU.ActiveCfg = Release|Any CPU
		{8B3BD78E-7C55-45DF-9086-4A634A51EE75}.Release|Any CPU.Build.0 = Release|Any CPU
		{8B3BD78E-7C55-45DF-9086-4A634A51EE75}.Release|Any CPU.Deploy.0 = Release|Any CPU
		{47CD5DE6-8966-4C7E-9E81-53CA1C926CE6}.Debug|Any CPU.ActiveCfg = Debug|Any CPU
		{47CD5DE6-8966-4C7E-9E81-53CA1C926CE6}.Debug|Any CPU.Build.0 = Debug|Any CPU
		{47CD5DE6-8966-4C7E-9E81-53CA1C926CE6}.Debug|Any CPU.Deploy.0 = Debug|Any CPU
		{47CD5DE6-8966-4C7E-9E81-53CA1C926CE6}.Release|Any CPU.ActiveCfg = Release|Any CPU
		{47CD5DE6-8966-4C7E-9E81-53CA1C926CE6}.Release|Any CPU.Build.0 = Release|Any CPU
		{47CD5DE6-8966-4C7E-9E81-53CA1C926CE6}.Release|Any CPU.Deploy.0 = Release|Any CPU
	EndGlobalSection
	GlobalSection(SolutionProperties) = preSolution
		HideSolutionNode = FALSE
	EndGlobalSection
	GlobalSection(ExtensibilityGlobals) = postSolution
		SolutionGuid = {F54B2B00-C17B-4DB9-8AED-4AA108B8ECAF}
	EndGlobalSection
EndGlobal
